// !$*UTF8*$!
{
	archiveVersion = 1;
	classes = {
	};
	objectVersion = 46;
	objects = {

/* Begin PBXBuildFile section */
		4C30525F1EE4FB6D0078AA03 /* main.m in Sources */ = {isa = PBXBuildFile; fileRef = 4C30525E1EE4FB6D0078AA03 /* main.m */; };
		4C3052621EE4FB6D0078AA03 /* AppDelegate.m in Sources */ = {isa = PBXBuildFile; fileRef = 4C3052611EE4FB6D0078AA03 /* AppDelegate.m */; };
		4C3052651EE4FB6D0078AA03 /* ViewController.m in Sources */ = {isa = PBXBuildFile; fileRef = 4C3052641EE4FB6D0078AA03 /* ViewController.m */; };
		4C3052681EE4FB6D0078AA03 /* Main.storyboard in Resources */ = {isa = PBXBuildFile; fileRef = 4C3052661EE4FB6D0078AA03 /* Main.storyboard */; };
		4C30526A1EE4FB6D0078AA03 /* Assets.xcassets in Resources */ = {isa = PBXBuildFile; fileRef = 4C3052691EE4FB6D0078AA03 /* Assets.xcassets */; };
		4C30526D1EE4FB6D0078AA03 /* LaunchScreen.storyboard in Resources */ = {isa = PBXBuildFile; fileRef = 4C30526B1EE4FB6D0078AA03 /* LaunchScreen.storyboard */; };
		4C3052831EE4FBE40078AA03 /* AFHTTPSessionManager.m in Sources */ = {isa = PBXBuildFile; fileRef = 4C3052771EE4FBE40078AA03 /* AFHTTPSessionManager.m */; };
		4C3052841EE4FBE40078AA03 /* AFNetworkReachabilityManager.m in Sources */ = {isa = PBXBuildFile; fileRef = 4C30527A1EE4FBE40078AA03 /* AFNetworkReachabilityManager.m */; };
		4C3052851EE4FBE40078AA03 /* AFSecurityPolicy.m in Sources */ = {isa = PBXBuildFile; fileRef = 4C30527C1EE4FBE40078AA03 /* AFSecurityPolicy.m */; };
		4C3052861EE4FBE40078AA03 /* AFURLRequestSerialization.m in Sources */ = {isa = PBXBuildFile; fileRef = 4C30527E1EE4FBE40078AA03 /* AFURLRequestSerialization.m */; };
		4C3052871EE4FBE40078AA03 /* AFURLResponseSerialization.m in Sources */ = {isa = PBXBuildFile; fileRef = 4C3052801EE4FBE40078AA03 /* AFURLResponseSerialization.m */; };
		4C3052881EE4FBE40078AA03 /* AFURLSessionManager.m in Sources */ = {isa = PBXBuildFile; fileRef = 4C3052821EE4FBE40078AA03 /* AFURLSessionManager.m */; };
		4C30528B1EE4FD660078AA03 /* ECPServerOrder.m in Sources */ = {isa = PBXBuildFile; fileRef = 4C30528A1EE4FD660078AA03 /* ECPServerOrder.m */; };
		4C30528E1EE4FDFB0078AA03 /* ECPViewController.m in Sources */ = {isa = PBXBuildFile; fileRef = 4C30528D1EE4FDFB0078AA03 /* ECPViewController.m */; };
/* End PBXBuildFile section */

/* Begin PBXFileReference section */
		4C30525A1EE4FB6D0078AA03 /* ApplePaySDKExample.app */ = {isa = PBXFileReference; explicitFileType = wrapper.application; includeInIndex = 0; path = ApplePaySDKExample.app; sourceTree = BUILT_PRODUCTS_DIR; };
		4C30525E1EE4FB6D0078AA03 /* main.m */ = {isa = PBXFileReference; lastKnownFileType = sourcecode.c.objc; path = main.m; sourceTree = "<group>"; };
		4C3052601EE4FB6D0078AA03 /* AppDelegate.h */ = {isa = PBXFileReference; lastKnownFileType = sourcecode.c.h; path = AppDelegate.h; sourceTree = "<group>"; };
		4C3052611EE4FB6D0078AA03 /* AppDelegate.m */ = {isa = PBXFileReference; lastKnownFileType = sourcecode.c.objc; path = AppDelegate.m; sourceTree = "<group>"; };
		4C3052631EE4FB6D0078AA03 /* ViewController.h */ = {isa = PBXFileReference; lastKnownFileType = sourcecode.c.h; path = ViewController.h; sourceTree = "<group>"; };
		4C3052641EE4FB6D0078AA03 /* ViewController.m */ = {isa = PBXFileReference; lastKnownFileType = sourcecode.c.objc; path = ViewController.m; sourceTree = "<group>"; };
		4C3052671EE4FB6D0078AA03 /* Base */ = {isa = PBXFileReference; lastKnownFileType = file.storyboard; name = Base; path = Base.lproj/Main.storyboard; sourceTree = "<group>"; };
		4C3052691EE4FB6D0078AA03 /* Assets.xcassets */ = {isa = PBXFileReference; lastKnownFileType = folder.assetcatalog; path = Assets.xcassets; sourceTree = "<group>"; };
		4C30526C1EE4FB6D0078AA03 /* Base */ = {isa = PBXFileReference; lastKnownFileType = file.storyboard; name = Base; path = Base.lproj/LaunchScreen.storyboard; sourceTree = "<group>"; };
		4C30526E1EE4FB6D0078AA03 /* Info.plist */ = {isa = PBXFileReference; lastKnownFileType = text.plist.xml; path = Info.plist; sourceTree = "<group>"; };
		4C3052761EE4FBE40078AA03 /* AFHTTPSessionManager.h */ = {isa = PBXFileReference; fileEncoding = 4; lastKnownFileType = sourcecode.c.h; path = AFHTTPSessionManager.h; sourceTree = "<group>"; };
		4C3052771EE4FBE40078AA03 /* AFHTTPSessionManager.m */ = {isa = PBXFileReference; fileEncoding = 4; lastKnownFileType = sourcecode.c.objc; path = AFHTTPSessionManager.m; sourceTree = "<group>"; };
		4C3052781EE4FBE40078AA03 /* AFNetworking.h */ = {isa = PBXFileReference; fileEncoding = 4; lastKnownFileType = sourcecode.c.h; path = AFNetworking.h; sourceTree = "<group>"; };
		4C3052791EE4FBE40078AA03 /* AFNetworkReachabilityManager.h */ = {isa = PBXFileReference; fileEncoding = 4; lastKnownFileType = sourcecode.c.h; path = AFNetworkReachabilityManager.h; sourceTree = "<group>"; };
		4C30527A1EE4FBE40078AA03 /* AFNetworkReachabilityManager.m */ = {isa = PBXFileReference; fileEncoding = 4; lastKnownFileType = sourcecode.c.objc; path = AFNetworkReachabilityManager.m; sourceTree = "<group>"; };
		4C30527B1EE4FBE40078AA03 /* AFSecurityPolicy.h */ = {isa = PBXFileReference; fileEncoding = 4; lastKnownFileType = sourcecode.c.h; path = AFSecurityPolicy.h; sourceTree = "<group>"; };
		4C30527C1EE4FBE40078AA03 /* AFSecurityPolicy.m */ = {isa = PBXFileReference; fileEncoding = 4; lastKnownFileType = sourcecode.c.objc; path = AFSecurityPolicy.m; sourceTree = "<group>"; };
		4C30527D1EE4FBE40078AA03 /* AFURLRequestSerialization.h */ = {isa = PBXFileReference; fileEncoding = 4; lastKnownFileType = sourcecode.c.h; path = AFURLRequestSerialization.h; sourceTree = "<group>"; };
		4C30527E1EE4FBE40078AA03 /* AFURLRequestSerialization.m */ = {isa = PBXFileReference; fileEncoding = 4; lastKnownFileType = sourcecode.c.objc; path = AFURLRequestSerialization.m; sourceTree = "<group>"; };
		4C30527F1EE4FBE40078AA03 /* AFURLResponseSerialization.h */ = {isa = PBXFileReference; fileEncoding = 4; lastKnownFileType = sourcecode.c.h; path = AFURLResponseSerialization.h; sourceTree = "<group>"; };
		4C3052801EE4FBE40078AA03 /* AFURLResponseSerialization.m */ = {isa = PBXFileReference; fileEncoding = 4; lastKnownFileType = sourcecode.c.objc; path = AFURLResponseSerialization.m; sourceTree = "<group>"; };
		4C3052811EE4FBE40078AA03 /* AFURLSessionManager.h */ = {isa = PBXFileReference; fileEncoding = 4; lastKnownFileType = sourcecode.c.h; path = AFURLSessionManager.h; sourceTree = "<group>"; };
		4C3052821EE4FBE40078AA03 /* AFURLSessionManager.m */ = {isa = PBXFileReference; fileEncoding = 4; lastKnownFileType = sourcecode.c.objc; path = AFURLSessionManager.m; sourceTree = "<group>"; };
		4C3052891EE4FD660078AA03 /* ECPServerOrder.h */ = {isa = PBXFileReference; fileEncoding = 4; lastKnownFileType = sourcecode.c.h; path = ECPServerOrder.h; sourceTree = "<group>"; };
		4C30528A1EE4FD660078AA03 /* ECPServerOrder.m */ = {isa = PBXFileReference; fileEncoding = 4; lastKnownFileType = sourcecode.c.objc; path = ECPServerOrder.m; sourceTree = "<group>"; };
		4C30528C1EE4FDFB0078AA03 /* ECPViewController.h */ = {isa = PBXFileReference; fileEncoding = 4; lastKnownFileType = sourcecode.c.h; path = ECPViewController.h; sourceTree = "<group>"; };
		4C30528D1EE4FDFB0078AA03 /* ECPViewController.m */ = {isa = PBXFileReference; fileEncoding = 4; lastKnownFileType = sourcecode.c.objc; path = ECPViewController.m; sourceTree = "<group>"; };
/* End PBXFileReference section */

/* Begin PBXFrameworksBuildPhase section */
		4C3052571EE4FB6D0078AA03 /* Frameworks */ = {
			isa = PBXFrameworksBuildPhase;
			buildActionMask = 2147483647;
			files = (
			);
			runOnlyForDeploymentPostprocessing = 0;
		};
/* End PBXFrameworksBuildPhase section */

/* Begin PBXGroup section */
		4C3052511EE4FB6D0078AA03 = {
			isa = PBXGroup;
			children = (
				4C30525C1EE4FB6D0078AA03 /* ApplePaySDKExample */,
				4C30525B1EE4FB6D0078AA03 /* Products */,
			);
			sourceTree = "<group>";
		};
		4C30525B1EE4FB6D0078AA03 /* Products */ = {
			isa = PBXGroup;
			children = (
				4C30525A1EE4FB6D0078AA03 /* ApplePaySDKExample.app */,
			);
			name = Products;
			sourceTree = "<group>";
		};
		4C30525C1EE4FB6D0078AA03 /* ApplePaySDKExample */ = {
			isa = PBXGroup;
			children = (
				4C3052741EE4FBE40078AA03 /* externals */,
				4C3052601EE4FB6D0078AA03 /* AppDelegate.h */,
				4C3052611EE4FB6D0078AA03 /* AppDelegate.m */,
				4C3052631EE4FB6D0078AA03 /* ViewController.h */,
				4C3052641EE4FB6D0078AA03 /* ViewController.m */,
				4C3052891EE4FD660078AA03 /* ECPServerOrder.h */,
				4C30528A1EE4FD660078AA03 /* ECPServerOrder.m */,
				4C30528C1EE4FDFB0078AA03 /* ECPViewController.h */,
				4C30528D1EE4FDFB0078AA03 /* ECPViewController.m */,
				4C3052661EE4FB6D0078AA03 /* Main.storyboard */,
				4C3052691EE4FB6D0078AA03 /* Assets.xcassets */,
				4C30526B1EE4FB6D0078AA03 /* LaunchScreen.storyboard */,
				4C30526E1EE4FB6D0078AA03 /* Info.plist */,
				4C30525D1EE4FB6D0078AA03 /* Supporting Files */,
			);
			path = ApplePaySDKExample;
			sourceTree = "<group>";
		};
		4C30525D1EE4FB6D0078AA03 /* Supporting Files */ = {
			isa = PBXGroup;
			children = (
				4C30525E1EE4FB6D0078AA03 /* main.m */,
			);
			name = "Supporting Files";
			sourceTree = "<group>";
		};
		4C3052741EE4FBE40078AA03 /* externals */ = {
			isa = PBXGroup;
			children = (
				4C3052751EE4FBE40078AA03 /* AFNetworking */,
			);
			path = externals;
			sourceTree = "<group>";
		};
		4C3052751EE4FBE40078AA03 /* AFNetworking */ = {
			isa = PBXGroup;
			children = (
				4C3052761EE4FBE40078AA03 /* AFHTTPSessionManager.h */,
				4C3052771EE4FBE40078AA03 /* AFHTTPSessionManager.m */,
				4C3052781EE4FBE40078AA03 /* AFNetworking.h */,
				4C3052791EE4FBE40078AA03 /* AFNetworkReachabilityManager.h */,
				4C30527A1EE4FBE40078AA03 /* AFNetworkReachabilityManager.m */,
				4C30527B1EE4FBE40078AA03 /* AFSecurityPolicy.h */,
				4C30527C1EE4FBE40078AA03 /* AFSecurityPolicy.m */,
				4C30527D1EE4FBE40078AA03 /* AFURLRequestSerialization.h */,
				4C30527E1EE4FBE40078AA03 /* AFURLRequestSerialization.m */,
				4C30527F1EE4FBE40078AA03 /* AFURLResponseSerialization.h */,
				4C3052801EE4FBE40078AA03 /* AFURLResponseSerialization.m */,
				4C3052811EE4FBE40078AA03 /* AFURLSessionManager.h */,
				4C3052821EE4FBE40078AA03 /* AFURLSessionManager.m */,
			);
			path = AFNetworking;
			sourceTree = "<group>";
		};
/* End PBXGroup section */

/* Begin PBXNativeTarget section */
		4C3052591EE4FB6D0078AA03 /* ApplePaySDKExample */ = {
			isa = PBXNativeTarget;
			buildConfigurationList = 4C3052711EE4FB6D0078AA03 /* Build configuration list for PBXNativeTarget "ApplePaySDKExample" */;
			buildPhases = (
				4C3052561EE4FB6D0078AA03 /* Sources */,
				4C3052571EE4FB6D0078AA03 /* Frameworks */,
				4C3052581EE4FB6D0078AA03 /* Resources */,
			);
			buildRules = (
			);
			dependencies = (
			);
			name = ApplePaySDKExample;
			productName = ApplePaySDKExample;
			productReference = 4C30525A1EE4FB6D0078AA03 /* ApplePaySDKExample.app */;
			productType = "com.apple.product-type.application";
		};
/* End PBXNativeTarget section */

/* Begin PBXProject section */
		4C3052521EE4FB6D0078AA03 /* Project object */ = {
			isa = PBXProject;
			attributes = {
				LastUpgradeCheck = 0730;
				ORGANIZATIONNAME = Ecpay;
				TargetAttributes = {
					4C3052591EE4FB6D0078AA03 = {
						CreatedOnToolsVersion = 7.3.1;
					};
				};
			};
			buildConfigurationList = 4C3052551EE4FB6D0078AA03 /* Build configuration list for PBXProject "ApplePaySDKExample" */;
			compatibilityVersion = "Xcode 3.2";
			developmentRegion = English;
			hasScannedForEncodings = 0;
			knownRegions = (
				en,
				Base,
			);
			mainGroup = 4C3052511EE4FB6D0078AA03;
			productRefGroup = 4C30525B1EE4FB6D0078AA03 /* Products */;
			projectDirPath = "";
			projectRoot = "";
			targets = (
				4C3052591EE4FB6D0078AA03 /* ApplePaySDKExample */,
			);
		};
/* End PBXProject section */

/* Begin PBXResourcesBuildPhase section */
		4C3052581EE4FB6D0078AA03 /* Resources */ = {
			isa = PBXResourcesBuildPhase;
			buildActionMask = 2147483647;
			files = (
				4C30526D1EE4FB6D0078AA03 /* LaunchScreen.storyboard in Resources */,
				4C30526A1EE4FB6D0078AA03 /* Assets.xcassets in Resources */,
				4C3052681EE4FB6D0078AA03 /* Main.storyboard in Resources */,
			);
			runOnlyForDeploymentPostprocessing = 0;
		};
/* End PBXResourcesBuildPhase section */

/* Begin PBXSourcesBuildPhase section */
		4C3052561EE4FB6D0078AA03 /* Sources */ = {
			isa = PBXSourcesBuildPhase;
			buildActionMask = 2147483647;
			files = (
				4C3052881EE4FBE40078AA03 /* AFURLSessionManager.m in Sources */,
				4C3052651EE4FB6D0078AA03 /* ViewController.m in Sources */,
				4C30528B1EE4FD660078AA03 /* ECPServerOrder.m in Sources */,
				4C3052621EE4FB6D0078AA03 /* AppDelegate.m in Sources */,
				4C3052841EE4FBE40078AA03 /* AFNetworkReachabilityManager.m in Sources */,
				4C30525F1EE4FB6D0078AA03 /* main.m in Sources */,
				4C3052851EE4FBE40078AA03 /* AFSecurityPolicy.m in Sources */,
				4C3052861EE4FBE40078AA03 /* AFURLRequestSerialization.m in Sources */,
				4C3052871EE4FBE40078AA03 /* AFURLResponseSerialization.m in Sources */,
				4C3052831EE4FBE40078AA03 /* AFHTTPSessionManager.m in Sources */,
				4C30528E1EE4FDFB0078AA03 /* ECPViewController.m in Sources */,
			);
			runOnlyForDeploymentPostprocessing = 0;
		};
/* End PBXSourcesBuildPhase section */

/* Begin PBXVariantGroup section */
		4C3052661EE4FB6D0078AA03 /* Main.storyboard */ = {
			isa = PBXVariantGroup;
			children = (
				4C3052671EE4FB6D0078AA03 /* Base */,
			);
			name = Main.storyboard;
			sourceTree = "<group>";
		};
		4C30526B1EE4FB6D0078AA03 /* LaunchScreen.storyboard */ = {
			isa = PBXVariantGroup;
			children = (
				4C30526C1EE4FB6D0078AA03 /* Base */,
			);
			name = LaunchScreen.storyboard;
			sourceTree = "<group>";
		};
/* End PBXVariantGroup section */

/* Begin XCBuildConfiguration section */
		4C30526F1EE4FB6D0078AA03 /* Debug */ = {
			isa = XCBuildConfiguration;
			buildSettings = {
				ALWAYS_SEARCH_USER_PATHS = NO;
				CLANG_ANALYZER_NONNULL = YES;
				CLANG_CXX_LANGUAGE_STANDARD = "gnu++0x";
				CLANG_CXX_LIBRARY = "libc++";
				CLANG_ENABLE_MODULES = YES;
				CLANG_ENABLE_OBJC_ARC = YES;
				CLANG_WARN_BOOL_CONVERSION = YES;
				CLANG_WARN_CONSTANT_CONVERSION = YES;
				CLANG_WARN_DIRECT_OBJC_ISA_USAGE = YES_ERROR;
				CLANG_WARN_EMPTY_BODY = YES;
				CLANG_WARN_ENUM_CONVERSION = YES;
				CLANG_WARN_INT_CONVERSION = YES;
				CLANG_WARN_OBJC_ROOT_CLASS = YES_ERROR;
				CLANG_WARN_UNREACHABLE_CODE = YES;
				CLANG_WARN__DUPLICATE_METHOD_MATCH = YES;
				"CODE_SIGN_IDENTITY[sdk=iphoneos*]" = "iPhone Developer";
				COPY_PHASE_STRIP = NO;
				DEBUG_INFORMATION_FORMAT = dwarf;
				ENABLE_STRICT_OBJC_MSGSEND = YES;
				ENABLE_TESTABILITY = YES;
				GCC_C_LANGUAGE_STANDARD = gnu99;
				GCC_DYNAMIC_NO_PIC = NO;
				GCC_NO_COMMON_BLOCKS = YES;
				GCC_OPTIMIZATION_LEVEL = 0;
				GCC_PREPROCESSOR_DEFINITIONS = (
					"DEBUG=1",
					"$(inherited)",
				);
				GCC_WARN_64_TO_32_BIT_CONVERSION = YES;
				GCC_WARN_ABOUT_RETURN_TYPE = YES_ERROR;
				GCC_WARN_UNDECLARED_SELECTOR = YES;
				GCC_WARN_UNINITIALIZED_AUTOS = YES_AGGRESSIVE;
				GCC_WARN_UNUSED_FUNCTION = YES;
				GCC_WARN_UNUSED_VARIABLE = YES;
				IPHONEOS_DEPLOYMENT_TARGET = 9.3;
				MTL_ENABLE_DEBUG_INFO = YES;
				ONLY_ACTIVE_ARCH = YES;
				SDKROOT = iphoneos;
			};
			name = Debug;
		};
		4C3052701EE4FB6D0078AA03 /* Release */ = {
			isa = XCBuildConfiguration;
			buildSettings = {
				ALWAYS_SEARCH_USER_PATHS = NO;
				CLANG_ANALYZER_NONNULL = YES;
				CLANG_CXX_LANGUAGE_STANDARD = "gnu++0x";
				CLANG_CXX_LIBRARY = "libc++";
				CLANG_ENABLE_MODULES = YES;
				CLANG_ENABLE_OBJC_ARC = YES;
				CLANG_WARN_BOOL_CONVERSION = YES;
				CLANG_WARN_CONSTANT_CONVERSION = YES;
				CLANG_WARN_DIRECT_OBJC_ISA_USAGE = YES_ERROR;
				CLANG_WARN_EMPTY_BODY = YES;
				CLANG_WARN_ENUM_CONVERSION = YES;
				CLANG_WARN_INT_CONVERSION = YES;
				CLANG_WARN_OBJC_ROOT_CLASS = YES_ERROR;
				CLANG_WARN_UNREACHABLE_CODE = YES;
				CLANG_WARN__DUPLICATE_METHOD_MATCH = YES;
				"CODE_SIGN_IDENTITY[sdk=iphoneos*]" = "iPhone Developer";
				COPY_PHASE_STRIP = NO;
				DEBUG_INFORMATION_FORMAT = "dwarf-with-dsym";
				ENABLE_NS_ASSERTIONS = NO;
				ENABLE_STRICT_OBJC_MSGSEND = YES;
				GCC_C_LANGUAGE_STANDARD = gnu99;
				GCC_NO_COMMON_BLOCKS = YES;
				GCC_WARN_64_TO_32_BIT_CONVERSION = YES;
				GCC_WARN_ABOUT_RETURN_TYPE = YES_ERROR;
				GCC_WARN_UNDECLARED_SELECTOR = YES;
				GCC_WARN_UNINITIALIZED_AUTOS = YES_AGGRESSIVE;
				GCC_WARN_UNUSED_FUNCTION = YES;
				GCC_WARN_UNUSED_VARIABLE = YES;
				IPHONEOS_DEPLOYMENT_TARGET = 9.3;
				MTL_ENABLE_DEBUG_INFO = NO;
				SDKROOT = iphoneos;
				VALIDATE_PRODUCT = YES;
			};
			name = Release;
		};
		4C3052721EE4FB6D0078AA03 /* Debug */ = {
			isa = XCBuildConfiguration;
			buildSettings = {
				ASSETCATALOG_COMPILER_APPICON_NAME = AppIcon;
				INFOPLIST_FILE = ApplePaySDKExample/Info.plist;
				LD_RUNPATH_SEARCH_PATHS = "$(inherited) @executable_path/Frameworks";
				PRODUCT_BUNDLE_IDENTIFIER = tw.com.ecpay.ApplePaySDKExample;
				PRODUCT_NAME = "$(TARGET_NAME)";
			};
			name = Debug;
		};
		4C3052731EE4FB6D0078AA03 /* Release */ = {
			isa = XCBuildConfiguration;
			buildSettings = {
				ASSETCATALOG_COMPILER_APPICON_NAME = AppIcon;
				INFOPLIST_FILE = ApplePaySDKExample/Info.plist;
				LD_RUNPATH_SEARCH_PATHS = "$(inherited) @executable_path/Frameworks";
				PRODUCT_BUNDLE_IDENTIFIER = tw.com.ecpay.ApplePaySDKExample;
				PRODUCT_NAME = "$(TARGET_NAME)";
			};
			name = Release;
		};
/* End XCBuildConfiguration section */

/* Begin XCConfigurationList section */
		4C3052551EE4FB6D0078AA03 /* Build configuration list for PBXProject "ApplePaySDKExample" */ = {
			isa = XCConfigurationList;
			buildConfigurations = (
				4C30526F1EE4FB6D0078AA03 /* Debug */,
				4C3052701EE4FB6D0078AA03 /* Release */,
			);
			defaultConfigurationIsVisible = 0;
			defaultConfigurationName = Release;
		};
		4C3052711EE4FB6D0078AA03 /* Build configuration list for PBXNativeTarget "ApplePaySDKExample" */ = {
			isa = XCConfigurationList;
			buildConfigurations = (
				4C3052721EE4FB6D0078AA03 /* Debug */,
				4C3052731EE4FB6D0078AA03 /* Release */,
			);
			defaultConfigurationIsVisible = 0;
		};
/* End XCConfigurationList section */
	};
	rootObject = 4C3052521EE4FB6D0078AA03 /* Project object */;
}
